
Microsoft Visual Studio Solution File, Format Version 12.00
# Visual Studio Version 17
VisualStudioVersion = 17.7.34031.279
MinimumVisualStudioVersion = 10.0.40219.1
Project("{2150E333-8FDC-42A3-9474-1A3956D46DE8}") = "ChainofResponsibility", "ChainofResponsibility", "{A01F605A-7367-4CA4-BEB0-19956776C9F8}"
EndProject
Project("{9A19103F-16F7-4668-BE54-9A1E7A4F7556}") = "DesignPattern.ChainOfResponsibility", "DesignPattern.ChainOfResponsibility\DesignPattern.ChainOfResponsibility.csproj", "{DF06E45D-CC5E-4EFC-ADDB-5E62B40C1FE9}"
EndProject
Project("{2150E333-8FDC-42A3-9474-1A3956D46DE8}") = "CQRS Design Pattern", "CQRS Design Pattern", "{D1DEFA31-E584-4811-B20E-49848EDA6462}"
EndProject
Project("{9A19103F-16F7-4668-BE54-9A1E7A4F7556}") = "DesignPattern.CQRS", "DesignPattern.CQRS\DesignPattern.CQRS.csproj", "{0EC9F72B-4EBF-4805-B849-EAB4EF3F9B4E}"
EndProject
Project("{2150E333-8FDC-42A3-9474-1A3956D46DE8}") = "TemplateMethodDesignPattern", "TemplateMethodDesignPattern", "{4A40BAF3-FC69-4AD3-AD8F-4BA76A43BDDA}"
EndProject
Project("{9A19103F-16F7-4668-BE54-9A1E7A4F7556}") = "DesignPattern.TemplateMethod", "DesignPattern.TemplateMethod\DesignPattern.TemplateMethod.csproj", "{43A30DC6-A5F3-4D1D-B2CD-8AEDEE7E4038}"
EndProject
Project("{2150E333-8FDC-42A3-9474-1A3956D46DE8}") = "ObserverDesignPattern", "ObserverDesignPattern", "{32A78FA4-D6C4-4256-9D1C-7F41D6E66652}"
EndProject
Project("{9A19103F-16F7-4668-BE54-9A1E7A4F7556}") = "DesignPattern.Observer", "DesignPattern.Observer\DesignPattern.Observer.csproj", "{A9E2E30D-168D-48DA-9FC8-473E1F25C58C}"
EndProject
Project("{2150E333-8FDC-42A3-9474-1A3956D46DE8}") = "UnitOfWorkDesignPattern", "UnitOfWorkDesignPattern", "{D1EA0400-BBFF-4C5F-B311-A8D0E06F34B0}"
EndProject
Project("{9A19103F-16F7-4668-BE54-9A1E7A4F7556}") = "DesignPattern.UnitOfWork", "DesignPattern.UnitOfWork\DesignPattern.UnitOfWork.csproj", "{40E9BBA0-29A8-4C3B-9446-195EF9982299}"
EndProject
Project("{9A19103F-16F7-4668-BE54-9A1E7A4F7556}") = "DesignPattern.UnitOfWork.EntityLayer", "UnitOfWorkDesignPattern\DesignPattern.UnitOfWork.EntityLayer\DesignPattern.UnitOfWork.EntityLayer.csproj", "{D2B55BAC-AF4B-42C7-B3BE-6247D0C3DE41}"
EndProject
Project("{9A19103F-16F7-4668-BE54-9A1E7A4F7556}") = "DesignPattern.UnitOfWork.DataAccessLayer", "UnitOfWorkDesignPattern\DesignPattern.UnitOfWork.DataAccessLayer\DesignPattern.UnitOfWork.DataAccessLayer.csproj", "{392F62FB-A09F-482B-A147-17A020D25210}"
EndProject
Project("{9A19103F-16F7-4668-BE54-9A1E7A4F7556}") = "DesignPattern.UnitOfWork.BusinessLayer", "UnitOfWorkDesignPattern\DesignPattern.UnitOfWork.BusinessLayer\DesignPattern.UnitOfWork.BusinessLayer.csproj", "{76B00F59-BF7A-4C3E-99C7-857E1031EDC7}"
EndProject
Project("{2150E333-8FDC-42A3-9474-1A3956D46DE8}") = "RepositoryDesignPattern", "RepositoryDesignPattern", "{D22063D9-8889-4DDC-A319-14D97A1032E8}"
EndProject
Project("{9A19103F-16F7-4668-BE54-9A1E7A4F7556}") = "DesignPattern.Repository", "RepositoryDesignPattern\DesignPattern.Repository\DesignPattern.Repository.csproj", "{3C1F1DE9-56CE-4D29-A6FF-6010A18DD292}"
EndProject
Project("{9A19103F-16F7-4668-BE54-9A1E7A4F7556}") = "DesignPattern.Repository.EntityLayer", "RepositoryDesignPattern\DesignPattern.Repository.EntityLayer\DesignPattern.Repository.EntityLayer.csproj", "{F7E77CD5-A001-4AF8-BE81-EA8491AF024C}"
EndProject
Project("{9A19103F-16F7-4668-BE54-9A1E7A4F7556}") = "DesignPattern.Repository.DataAccessLayer", "RepositoryDesignPattern\DesignPattern.Repository.DataAccessLayer\DesignPattern.Repository.DataAccessLayer.csproj", "{041BDC66-BBAB-4670-9FA8-F5BFD5BCFE6A}"
EndProject
Project("{9A19103F-16F7-4668-BE54-9A1E7A4F7556}") = "DesignPattern.Repository.BusinessLayer", "RepositoryDesignPattern\DesignPattern.Repository.BusinessLayer\DesignPattern.Repository.BusinessLayer.csproj", "{51C51C6A-D892-429E-82C5-78315C33606C}"
EndProject
Project("{2150E333-8FDC-42A3-9474-1A3956D46DE8}") = "CompositeDesignPattern", "CompositeDesignPattern", "{0AECC605-BCE2-44D8-8250-47417B0F3581}"
EndProject
Project("{9A19103F-16F7-4668-BE54-9A1E7A4F7556}") = "DesignPattern.CompositeDesignPattern", "CompositeDesignPattern\DesignPattern.CompositeDesignPattern\DesignPattern.CompositeDesignPattern.csproj", "{DBD845E9-1B5F-484C-A710-879DB01D3A35}"
EndProject
Project("{2150E333-8FDC-42A3-9474-1A3956D46DE8}") = "MediatorDesignPattern", "MediatorDesignPattern", "{08610E0A-8D72-4E7D-9BE6-10F6E54A361B}"
EndProject
Project("{9A19103F-16F7-4668-BE54-9A1E7A4F7556}") = "DesignPattern.MediatorDesign", "MediatorDesignPattern\DesignPattern.MediatorDesign\DesignPattern.MediatorDesign.csproj", "{BCFC8FED-3840-4D19-9036-BBB90CBD9922}"
EndProject
Project("{2150E333-8FDC-42A3-9474-1A3956D46DE8}") = "IteratorDesignPattern", "IteratorDesignPattern", "{C1B1D686-D639-4DB4-816A-440C6B7CFA55}"
EndProject
Project("{9A19103F-16F7-4668-BE54-9A1E7A4F7556}") = "DesignPattern.Iterator", "IteratorDesignPattern\DesignPattern.Iterator\DesignPattern.Iterator.csproj", "{61F27C04-3F54-49D1-85C5-B8CF2BA88CF3}"
EndProject
Project("{2150E333-8FDC-42A3-9474-1A3956D46DE8}") = "FacadeDesignPattern", "FacadeDesignPattern", "{A4DC83B7-FEE3-4B9B-979F-6D9D779958B0}"
EndProject
Project("{9A19103F-16F7-4668-BE54-9A1E7A4F7556}") = "DesignPattern.Facade", "FacadeDesignPattern\DesignPattern.Facade\DesignPattern.Facade.csproj", "{89DE39B4-D3EF-4C88-B759-8874DA9FBB53}"
EndProject
Project("{2150E333-8FDC-42A3-9474-1A3956D46DE8}") = "DecoratorDesignPattern", "DecoratorDesignPattern", "{E87E5937-9853-4DC4-A324-6F3053196F97}"
EndProject
Project("{FAE04EC0-301F-11D3-BF4B-00C04F79EFBC}") = "DesignPattern.Decorator", "DecoratorDesignPattern\DesignPattern.Decorator\DesignPattern.Decorator.csproj", "{6A650298-FF81-4C47-A835-605BAC789699}"
EndProject
Global
	GlobalSection(SolutionConfigurationPlatforms) = preSolution
		Debug|Any CPU = Debug|Any CPU
		Release|Any CPU = Release|Any CPU
	EndGlobalSection
	GlobalSection(ProjectConfigurationPlatforms) = postSolution
		{DF06E45D-CC5E-4EFC-ADDB-5E62B40C1FE9}.Debug|Any CPU.ActiveCfg = Debug|Any CPU
		{DF06E45D-CC5E-4EFC-ADDB-5E62B40C1FE9}.Debug|Any CPU.Build.0 = Debug|Any CPU
		{DF06E45D-CC5E-4EFC-ADDB-5E62B40C1FE9}.Release|Any CPU.ActiveCfg = Release|Any CPU
		{DF06E45D-CC5E-4EFC-ADDB-5E62B40C1FE9}.Release|Any CPU.Build.0 = Release|Any CPU
		{0EC9F72B-4EBF-4805-B849-EAB4EF3F9B4E}.Debug|Any CPU.ActiveCfg = Debug|Any CPU
		{0EC9F72B-4EBF-4805-B849-EAB4EF3F9B4E}.Debug|Any CPU.Build.0 = Debug|Any CPU
		{0EC9F72B-4EBF-4805-B849-EAB4EF3F9B4E}.Release|Any CPU.ActiveCfg = Release|Any CPU
		{0EC9F72B-4EBF-4805-B849-EAB4EF3F9B4E}.Release|Any CPU.Build.0 = Release|Any CPU
		{43A30DC6-A5F3-4D1D-B2CD-8AEDEE7E4038}.Debug|Any CPU.ActiveCfg = Debug|Any CPU
		{43A30DC6-A5F3-4D1D-B2CD-8AEDEE7E4038}.Debug|Any CPU.Build.0 = Debug|Any CPU
		{43A30DC6-A5F3-4D1D-B2CD-8AEDEE7E4038}.Release|Any CPU.ActiveCfg = Release|Any CPU
		{43A30DC6-A5F3-4D1D-B2CD-8AEDEE7E4038}.Release|Any CPU.Build.0 = Release|Any CPU
		{A9E2E30D-168D-48DA-9FC8-473E1F25C58C}.Debug|Any CPU.ActiveCfg = Debug|Any CPU
		{A9E2E30D-168D-48DA-9FC8-473E1F25C58C}.Debug|Any CPU.Build.0 = Debug|Any CPU
		{A9E2E30D-168D-48DA-9FC8-473E1F25C58C}.Release|Any CPU.ActiveCfg = Release|Any CPU
		{A9E2E30D-168D-48DA-9FC8-473E1F25C58C}.Release|Any CPU.Build.0 = Release|Any CPU
		{40E9BBA0-29A8-4C3B-9446-195EF9982299}.Debug|Any CPU.ActiveCfg = Debug|Any CPU
		{40E9BBA0-29A8-4C3B-9446-195EF9982299}.Debug|Any CPU.Build.0 = Debug|Any CPU
		{40E9BBA0-29A8-4C3B-9446-195EF9982299}.Release|Any CPU.ActiveCfg = Release|Any CPU
		{40E9BBA0-29A8-4C3B-9446-195EF9982299}.Release|Any CPU.Build.0 = Release|Any CPU
		{D2B55BAC-AF4B-42C7-B3BE-6247D0C3DE41}.Debug|Any CPU.ActiveCfg = Debug|Any CPU
		{D2B55BAC-AF4B-42C7-B3BE-6247D0C3DE41}.Debug|Any CPU.Build.0 = Debug|Any CPU
		{D2B55BAC-AF4B-42C7-B3BE-6247D0C3DE41}.Release|Any CPU.ActiveCfg = Release|Any CPU
		{D2B55BAC-AF4B-42C7-B3BE-6247D0C3DE41}.Release|Any CPU.Build.0 = Release|Any CPU
		{392F62FB-A09F-482B-A147-17A020D25210}.Debug|Any CPU.ActiveCfg = Debug|Any CPU
		{392F62FB-A09F-482B-A147-17A020D25210}.Debug|Any CPU.Build.0 = Debug|Any CPU
		{392F62FB-A09F-482B-A147-17A020D25210}.Release|Any CPU.ActiveCfg = Release|Any CPU
		{392F62FB-A09F-482B-A147-17A020D25210}.Release|Any CPU.Build.0 = Release|Any CPU
		{76B00F59-BF7A-4C3E-99C7-857E1031EDC7}.Debug|Any CPU.ActiveCfg = Debug|Any CPU
		{76B00F59-BF7A-4C3E-99C7-857E1031EDC7}.Debug|Any CPU.Build.0 = Debug|Any CPU
		{76B00F59-BF7A-4C3E-99C7-857E1031EDC7}.Release|Any CPU.ActiveCfg = Release|Any CPU
		{76B00F59-BF7A-4C3E-99C7-857E1031EDC7}.Release|Any CPU.Build.0 = Release|Any CPU
		{3C1F1DE9-56CE-4D29-A6FF-6010A18DD292}.Debug|Any CPU.ActiveCfg = Debug|Any CPU
		{3C1F1DE9-56CE-4D29-A6FF-6010A18DD292}.Debug|Any CPU.Build.0 = Debug|Any CPU
		{3C1F1DE9-56CE-4D29-A6FF-6010A18DD292}.Release|Any CPU.ActiveCfg = Release|Any CPU
		{3C1F1DE9-56CE-4D29-A6FF-6010A18DD292}.Release|Any CPU.Build.0 = Release|Any CPU
		{F7E77CD5-A001-4AF8-BE81-EA8491AF024C}.Debug|Any CPU.ActiveCfg = Debug|Any CPU
		{F7E77CD5-A001-4AF8-BE81-EA8491AF024C}.Debug|Any CPU.Build.0 = Debug|Any CPU
		{F7E77CD5-A001-4AF8-BE81-EA8491AF024C}.Release|Any CPU.ActiveCfg = Release|Any CPU
		{F7E77CD5-A001-4AF8-BE81-EA8491AF024C}.Release|Any CPU.Build.0 = Release|Any CPU
		{041BDC66-BBAB-4670-9FA8-F5BFD5BCFE6A}.Debug|Any CPU.ActiveCfg = Debug|Any CPU
		{041BDC66-BBAB-4670-9FA8-F5BFD5BCFE6A}.Debug|Any CPU.Build.0 = Debug|Any CPU
		{041BDC66-BBAB-4670-9FA8-F5BFD5BCFE6A}.Release|Any CPU.ActiveCfg = Release|Any CPU
		{041BDC66-BBAB-4670-9FA8-F5BFD5BCFE6A}.Release|Any CPU.Build.0 = Release|Any CPU
		{51C51C6A-D892-429E-82C5-78315C33606C}.Debug|Any CPU.ActiveCfg = Debug|Any CPU
		{51C51C6A-D892-429E-82C5-78315C33606C}.Debug|Any CPU.Build.0 = Debug|Any CPU
		{51C51C6A-D892-429E-82C5-78315C33606C}.Release|Any CPU.ActiveCfg = Release|Any CPU
		{51C51C6A-D892-429E-82C5-78315C33606C}.Release|Any CPU.Build.0 = Release|Any CPU
		{DBD845E9-1B5F-484C-A710-879DB01D3A35}.Debug|Any CPU.ActiveCfg = Debug|Any CPU
		{DBD845E9-1B5F-484C-A710-879DB01D3A35}.Debug|Any CPU.Build.0 = Debug|Any CPU
		{DBD845E9-1B5F-484C-A710-879DB01D3A35}.Release|Any CPU.ActiveCfg = Release|Any CPU
		{DBD845E9-1B5F-484C-A710-879DB01D3A35}.Release|Any CPU.Build.0 = Release|Any CPU
		{BCFC8FED-3840-4D19-9036-BBB90CBD9922}.Debug|Any CPU.ActiveCfg = Debug|Any CPU
		{BCFC8FED-3840-4D19-9036-BBB90CBD9922}.Debug|Any CPU.Build.0 = Debug|Any CPU
		{BCFC8FED-3840-4D19-9036-BBB90CBD9922}.Release|Any CPU.ActiveCfg = Release|Any CPU
		{BCFC8FED-3840-4D19-9036-BBB90CBD9922}.Release|Any CPU.Build.0 = Release|Any CPU
		{61F27C04-3F54-49D1-85C5-B8CF2BA88CF3}.Debug|Any CPU.ActiveCfg = Debug|Any CPU
		{61F27C04-3F54-49D1-85C5-B8CF2BA88CF3}.Debug|Any CPU.Build.0 = Debug|Any CPU
		{61F27C04-3F54-49D1-85C5-B8CF2BA88CF3}.Release|Any CPU.ActiveCfg = Release|Any CPU
		{61F27C04-3F54-49D1-85C5-B8CF2BA88CF3}.Release|Any CPU.Build.0 = Release|Any CPU
		{89DE39B4-D3EF-4C88-B759-8874DA9FBB53}.Debug|Any CPU.ActiveCfg = Debug|Any CPU
		{89DE39B4-D3EF-4C88-B759-8874DA9FBB53}.Debug|Any CPU.Build.0 = Debug|Any CPU
		{89DE39B4-D3EF-4C88-B759-8874DA9FBB53}.Release|Any CPU.ActiveCfg = Release|Any CPU
		{89DE39B4-D3EF-4C88-B759-8874DA9FBB53}.Release|Any CPU.Build.0 = Release|Any CPU
		{6A650298-FF81-4C47-A835-605BAC789699}.Debug|Any CPU.ActiveCfg = Debug|Any CPU
		{6A650298-FF81-4C47-A835-605BAC789699}.Debug|Any CPU.Build.0 = Debug|Any CPU
		{6A650298-FF81-4C47-A835-605BAC789699}.Release|Any CPU.ActiveCfg = Release|Any CPU
		{6A650298-FF81-4C47-A835-605BAC789699}.Release|Any CPU.Build.0 = Release|Any CPU
	EndGlobalSection
	GlobalSection(SolutionProperties) = preSolution
		HideSolutionNode = FALSE
	EndGlobalSection
	GlobalSection(NestedProjects) = preSolution
		{DF06E45D-CC5E-4EFC-ADDB-5E62B40C1FE9} = {A01F605A-7367-4CA4-BEB0-19956776C9F8}
		{0EC9F72B-4EBF-4805-B849-EAB4EF3F9B4E} = {D1DEFA31-E584-4811-B20E-49848EDA6462}
		{43A30DC6-A5F3-4D1D-B2CD-8AEDEE7E4038} = {4A40BAF3-FC69-4AD3-AD8F-4BA76A43BDDA}
		{A9E2E30D-168D-48DA-9FC8-473E1F25C58C} = {32A78FA4-D6C4-4256-9D1C-7F41D6E66652}
		{40E9BBA0-29A8-4C3B-9446-195EF9982299} = {D1EA0400-BBFF-4C5F-B311-A8D0E06F34B0}
		{D2B55BAC-AF4B-42C7-B3BE-6247D0C3DE41} = {D1EA0400-BBFF-4C5F-B311-A8D0E06F34B0}
		{392F62FB-A09F-482B-A147-17A020D25210} = {D1EA0400-BBFF-4C5F-B311-A8D0E06F34B0}
		{76B00F59-BF7A-4C3E-99C7-857E1031EDC7} = {D1EA0400-BBFF-4C5F-B311-A8D0E06F34B0}
		{3C1F1DE9-56CE-4D29-A6FF-6010A18DD292} = {D22063D9-8889-4DDC-A319-14D97A1032E8}
		{F7E77CD5-A001-4AF8-BE81-EA8491AF024C} = {D22063D9-8889-4DDC-A319-14D97A1032E8}
		{041BDC66-BBAB-4670-9FA8-F5BFD5BCFE6A} = {D22063D9-8889-4DDC-A319-14D97A1032E8}
		{51C51C6A-D892-429E-82C5-78315C33606C} = {D22063D9-8889-4DDC-A319-14D97A1032E8}
		{DBD845E9-1B5F-484C-A710-879DB01D3A35} = {0AECC605-BCE2-44D8-8250-47417B0F3581}
		{BCFC8FED-3840-4D19-9036-BBB90CBD9922} = {08610E0A-8D72-4E7D-9BE6-10F6E54A361B}
		{61F27C04-3F54-49D1-85C5-B8CF2BA88CF3} = {C1B1D686-D639-4DB4-816A-440C6B7CFA55}
		{89DE39B4-D3EF-4C88-B759-8874DA9FBB53} = {A4DC83B7-FEE3-4B9B-979F-6D9D779958B0}
		{6A650298-FF81-4C47-A835-605BAC789699} = {E87E5937-9853-4DC4-A324-6F3053196F97}
	EndGlobalSection
	GlobalSection(ExtensibilityGlobals) = postSolution
		SolutionGuid = {084291B9-1AF6-4FEB-82DA-4A32842D3FA2}
	EndGlobalSection
EndGlobal
